
Microsoft Visual Studio Solution File, Format Version 12.00
# Visual Studio Version 17
VisualStudioVersion = 17.4.33205.214
MinimumVisualStudioVersion = 10.0.40219.1
Project("{FAE04EC0-301F-11D3-BF4B-00C04F79EFBC}") = "IWantApp", "IWantApp.csproj", "{F709873B-5E49-433C-81E9-3992EB1AC4D1}"
EndProject
Global
	GlobalSection(SolutionConfigurationPlatforms) = preSolution
		Debug|Any CPU = Debug|Any CPU
		Release|Any CPU = Release|Any CPU
	EndGlobalSection
	GlobalSection(ProjectConfigurationPlatforms) = postSolution
		{F709873B-5E49-433C-81E9-3992EB1AC4D1}.Debug|Any CPU.ActiveCfg = Debug|Any CPU
		{F709873B-5E49-433C-81E9-3992EB1AC4D1}.Debug|Any CPU.Build.0 = Debug|Any CPU
		{F709873B-5E49-433C-81E9-3992EB1AC4D1}.Release|Any CPU.ActiveCfg = Release|Any CPU
		{F709873B-5E49-433C-81E9-3992EB1AC4D1}.Release|Any CPU.Build.0 = Release|Any CPU
	EndGlobalSection
	GlobalSection(SolutionProperties) = preSolution
		HideSolutionNode = FALSE
	EndGlobalSection
	GlobalSection(ExtensibilityGlobals) = postSolution
		SolutionGuid = {886A3C53-1A86-4562-83B9-69892FE17484}
	EndGlobalSection
EndGlobal
